// !$*UTF8*$!
{
	archiveVersion = 1;
	classes = {
	};
	objectVersion = 46;
	objects = {

/* Begin PBXBuildFile section */
		D05869191B7A48FD006674CC /* AppDelegate.swift in Sources */ = {isa = PBXBuildFile; fileRef = D05869181B7A48FD006674CC /* AppDelegate.swift */; };
		D058691B1B7A48FD006674CC /* ViewController.swift in Sources */ = {isa = PBXBuildFile; fileRef = D058691A1B7A48FD006674CC /* ViewController.swift */; };
		D058691E1B7A48FD006674CC /* Main.storyboard in Resources */ = {isa = PBXBuildFile; fileRef = D058691C1B7A48FD006674CC /* Main.storyboard */; };
		D05869201B7A48FD006674CC /* Assets.xcassets in Resources */ = {isa = PBXBuildFile; fileRef = D058691F1B7A48FD006674CC /* Assets.xcassets */; };
		D05869231B7A48FD006674CC /* LaunchScreen.storyboard in Resources */ = {isa = PBXBuildFile; fileRef = D05869211B7A48FD006674CC /* LaunchScreen.storyboard */; };
/* End PBXBuildFile section */

/* Begin PBXFileReference section */
		D05869151B7A48FD006674CC /* Layout Margins.app */ = {isa = PBXFileReference; explicitFileType = wrapper.application; includeInIndex = 0; path = "Layout Margins.app"; sourceTree = BUILT_PRODUCTS_DIR; };
		D05869181B7A48FD006674CC /* AppDelegate.swift */ = {isa = PBXFileReference; lastKnownFileType = sourcecode.swift; path = AppDelegate.swift; sourceTree = "<group>"; };
		D058691A1B7A48FD006674CC /* ViewController.swift */ = {isa = PBXFileReference; lastKnownFileType = sourcecode.swift; path = ViewController.swift; sourceTree = "<group>"; };
		D058691D1B7A48FD006674CC /* Base */ = {isa = PBXFileReference; lastKnownFileType = file.storyboard; name = Base; path = Base.lproj/Main.storyboard; sourceTree = "<group>"; };
		D058691F1B7A48FD006674CC /* Assets.xcassets */ = {isa = PBXFileReference; lastKnownFileType = folder.assetcatalog; path = Assets.xcassets; sourceTree = "<group>"; };
		D05869221B7A48FD006674CC /* Base */ = {isa = PBXFileReference; lastKnownFileType = file.storyboard; name = Base; path = Base.lproj/LaunchScreen.storyboard; sourceTree = "<group>"; };
		D05869241B7A48FD006674CC /* Info.plist */ = {isa = PBXFileReference; lastKnownFileType = text.plist.xml; path = Info.plist; sourceTree = "<group>"; };
		D0A97DE21FDB3ADE00938F55 /* Common.xcconfig */ = {isa = PBXFileReference; fileEncoding = 4; lastKnownFileType = text.xcconfig; path = Common.xcconfig; sourceTree = "<group>"; };
		D0A97DE31FDB3ADE00938F55 /* Debug.xcconfig */ = {isa = PBXFileReference; fileEncoding = 4; lastKnownFileType = text.xcconfig; path = Debug.xcconfig; sourceTree = "<group>"; };
		D0A97DE41FDB3ADE00938F55 /* Release.xcconfig */ = {isa = PBXFileReference; fileEncoding = 4; lastKnownFileType = text.xcconfig; path = Release.xcconfig; sourceTree = "<group>"; };
/* End PBXFileReference section */

/* Begin PBXFrameworksBuildPhase section */
		D05869121B7A48FD006674CC /* Frameworks */ = {
			isa = PBXFrameworksBuildPhase;
			buildActionMask = 2147483647;
			files = (
			);
			runOnlyForDeploymentPostprocessing = 0;
		};
/* End PBXFrameworksBuildPhase section */

/* Begin PBXGroup section */
		D058690C1B7A48FD006674CC = {
			isa = PBXGroup;
			children = (
				D05869171B7A48FD006674CC /* Classes */,
				D0A97DE01FDB3A9600938F55 /* Resources */,
				D0A97DE11FDB3ADE00938F55 /* Configuration */,
				D05869161B7A48FD006674CC /* Products */,
			);
			sourceTree = "<group>";
		};
		D05869161B7A48FD006674CC /* Products */ = {
			isa = PBXGroup;
			children = (
				D05869151B7A48FD006674CC /* Layout Margins.app */,
			);
			name = Products;
			sourceTree = "<group>";
		};
		D05869171B7A48FD006674CC /* Classes */ = {
			isa = PBXGroup;
			children = (
				D05869181B7A48FD006674CC /* AppDelegate.swift */,
				D058691A1B7A48FD006674CC /* ViewController.swift */,
				D058691C1B7A48FD006674CC /* Main.storyboard */,
				D05869211B7A48FD006674CC /* LaunchScreen.storyboard */,
			);
			path = Classes;
			sourceTree = "<group>";
		};
		D0A97DE01FDB3A9600938F55 /* Resources */ = {
			isa = PBXGroup;
			children = (
				D058691F1B7A48FD006674CC /* Assets.xcassets */,
				D05869241B7A48FD006674CC /* Info.plist */,
			);
			path = Resources;
			sourceTree = "<group>";
		};
		D0A97DE11FDB3ADE00938F55 /* Configuration */ = {
			isa = PBXGroup;
			children = (
				D0A97DE21FDB3ADE00938F55 /* Common.xcconfig */,
				D0A97DE31FDB3ADE00938F55 /* Debug.xcconfig */,
				D0A97DE41FDB3ADE00938F55 /* Release.xcconfig */,
			);
			name = Configuration;
			path = ../../Configuration;
			sourceTree = "<group>";
		};
/* End PBXGroup section */

/* Begin PBXNativeTarget section */
		D05869141B7A48FD006674CC /* Layout Margins */ = {
			isa = PBXNativeTarget;
			buildConfigurationList = D05869271B7A48FD006674CC /* Build configuration list for PBXNativeTarget "Layout Margins" */;
			buildPhases = (
				D05869111B7A48FD006674CC /* Sources */,
				D05869121B7A48FD006674CC /* Frameworks */,
				D05869131B7A48FD006674CC /* Resources */,
			);
			buildRules = (
			);
			dependencies = (
			);
			name = "Layout Margins";
			productName = "Layout Margins";
			productReference = D05869151B7A48FD006674CC /* Layout Margins.app */;
			productType = "com.apple.product-type.application";
		};
/* End PBXNativeTarget section */

/* Begin PBXProject section */
		D058690D1B7A48FD006674CC /* Project object */ = {
			isa = PBXProject;
			attributes = {
				LastUpgradeCheck = 0920;
				ORGANIZATIONNAME = "Second Gear";
				TargetAttributes = {
					D05869141B7A48FD006674CC = {
						CreatedOnToolsVersion = 7.0;
						DevelopmentTeam = 42LH2U5D35;
					};
				};
			};
			buildConfigurationList = D05869101B7A48FD006674CC /* Build configuration list for PBXProject "Layout Margins" */;
			compatibilityVersion = "Xcode 3.2";
			developmentRegion = English;
			hasScannedForEncodings = 0;
			knownRegions = (
				en,
				Base,
			);
			mainGroup = D058690C1B7A48FD006674CC;
			productRefGroup = D05869161B7A48FD006674CC /* Products */;
			projectDirPath = "";
			projectRoot = "";
			targets = (
				D05869141B7A48FD006674CC /* Layout Margins */,
			);
		};
/* End PBXProject section */

/* Begin PBXResourcesBuildPhase section */
		D05869131B7A48FD006674CC /* Resources */ = {
			isa = PBXResourcesBuildPhase;
			buildActionMask = 2147483647;
			files = (
				D05869231B7A48FD006674CC /* LaunchScreen.storyboard in Resources */,
				D05869201B7A48FD006674CC /* Assets.xcassets in Resources */,
				D058691E1B7A48FD006674CC /* Main.storyboard in Resources */,
			);
			runOnlyForDeploymentPostprocessing = 0;
		};
/* End PBXResourcesBuildPhase section */

/* Begin PBXSourcesBuildPhase section */
		D05869111B7A48FD006674CC /* Sources */ = {
			isa = PBXSourcesBuildPhase;
			buildActionMask = 2147483647;
			files = (
				D058691B1B7A48FD006674CC /* ViewController.swift in Sources */,
				D05869191B7A48FD006674CC /* AppDelegate.swift in Sources */,
			);
			runOnlyForDeploymentPostprocessing = 0;
		};
/* End PBXSourcesBuildPhase section */

/* Begin PBXVariantGroup section */
		D058691C1B7A48FD006674CC /* Main.storyboard */ = {
			isa = PBXVariantGroup;
			children = (
				D058691D1B7A48FD006674CC /* Base */,
			);
			name = Main.storyboard;
			sourceTree = "<group>";
		};
		D05869211B7A48FD006674CC /* LaunchScreen.storyboard */ = {
			isa = PBXVariantGroup;
			children = (
				D05869221B7A48FD006674CC /* Base */,
			);
			name = LaunchScreen.storyboard;
			sourceTree = "<group>";
		};
/* End PBXVariantGroup section */

/* Begin XCBuildConfiguration section */
		D05869251B7A48FD006674CC /* Debug */ = {
			isa = XCBuildConfiguration;
			buildSettings = {
				ALWAYS_SEARCH_USER_PATHS = NO;
				CLANG_CXX_LANGUAGE_STANDARD = "gnu++0x";
				CLANG_CXX_LIBRARY = "libc++";
				CLANG_ENABLE_MODULES = YES;
				CLANG_ENABLE_OBJC_ARC = YES;
				CLANG_WARN_BLOCK_CAPTURE_AUTORELEASING = YES;
				CLANG_WARN_BOOL_CONVERSION = YES;
				CLANG_WARN_COMMA = YES;
				CLANG_WARN_CONSTANT_CONVERSION = YES;
				CLANG_WARN_DIRECT_OBJC_ISA_USAGE = YES_ERROR;
				CLANG_WARN_EMPTY_BODY = YES;
				CLANG_WARN_ENUM_CONVERSION = YES;
				CLANG_WARN_INFINITE_RECURSION = YES;
				CLANG_WARN_INT_CONVERSION = YES;
				CLANG_WARN_NON_LITERAL_NULL_CONVERSION = YES;
				CLANG_WARN_OBJC_LITERAL_CONVERSION = YES;
				CLANG_WARN_OBJC_ROOT_CLASS = YES_ERROR;
				CLANG_WARN_RANGE_LOOP_ANALYSIS = YES;
				CLANG_WARN_STRICT_PROTOTYPES = YES;
				CLANG_WARN_SUSPICIOUS_MOVE = YES;
				CLANG_WARN_UNREACHABLE_CODE = YES;
				CLANG_WARN__DUPLICATE_METHOD_MATCH = YES;
				"CODE_SIGN_IDENTITY[sdk=iphoneos*]" = "iPhone Developer";
				COPY_PHASE_STRIP = NO;
				DEBUG_INFORMATION_FORMAT = dwarf;
				ENABLE_STRICT_OBJC_MSGSEND = YES;
				ENABLE_TESTABILITY = YES;
				GCC_C_LANGUAGE_STANDARD = gnu99;
				GCC_DYNAMIC_NO_PIC = NO;
				GCC_NO_COMMON_BLOCKS = YES;
				GCC_OPTIMIZATION_LEVEL = 0;
				GCC_PREPROCESSOR_DEFINITIONS = (
					"DEBUG=1",
					"$(inherited)",
				);
				GCC_WARN_64_TO_32_BIT_CONVERSION = YES;
				GCC_WARN_ABOUT_RETURN_TYPE = YES_ERROR;
				GCC_WARN_UNDECLARED_SELECTOR = YES;
				GCC_WARN_UNINITIALIZED_AUTOS = YES_AGGRESSIVE;
				GCC_WARN_UNUSED_FUNCTION = YES;
				GCC_WARN_UNUSED_VARIABLE = YES;
				IPHONEOS_DEPLOYMENT_TARGET = 11.0;
				MTL_ENABLE_DEBUG_INFO = YES;
				ONLY_ACTIVE_ARCH = YES;
				SDKROOT = iphoneos;
				SWIFT_OPTIMIZATION_LEVEL = "-Onone";
			};
			name = Debug;
		};
		D05869261B7A48FD006674CC /* Release */ = {
			isa = XCBuildConfiguration;
			buildSettings = {
				ALWAYS_SEARCH_USER_PATHS = NO;
				CLANG_CXX_LANGUAGE_STANDARD = "gnu++0x";
				CLANG_CXX_LIBRARY = "libc++";
				CLANG_ENABLE_MODULES = YES;
				CLANG_ENABLE_OBJC_ARC = YES;
				CLANG_WARN_BLOCK_CAPTURE_AUTORELEASING = YES;
				CLANG_WARN_BOOL_CONVERSION = YES;
				CLANG_WARN_COMMA = YES;
				CLANG_WARN_CONSTANT_CONVERSION = YES;
				CLANG_WARN_DIRECT_OBJC_ISA_USAGE = YES_ERROR;
				CLANG_WARN_EMPTY_BODY = YES;
				CLANG_WARN_ENUM_CONVERSION = YES;
				CLANG_WARN_INFINITE_RECURSION = YES;
				CLANG_WARN_INT_CONVERSION = YES;
				CLANG_WARN_NON_LITERAL_NULL_CONVERSION = YES;
				CLANG_WARN_OBJC_LITERAL_CONVERSION = YES;
				CLANG_WARN_OBJC_ROOT_CLASS = YES_ERROR;
				CLANG_WARN_RANGE_LOOP_ANALYSIS = YES;
				CLANG_WARN_STRICT_PROTOTYPES = YES;
				CLANG_WARN_SUSPICIOUS_MOVE = YES;
				CLANG_WARN_UNREACHABLE_CODE = YES;
				CLANG_WARN__DUPLICATE_METHOD_MATCH = YES;
				"CODE_SIGN_IDENTITY[sdk=iphoneos*]" = "iPhone Developer";
				COPY_PHASE_STRIP = NO;
				DEBUG_INFORMATION_FORMAT = "dwarf-with-dsym";
				ENABLE_NS_ASSERTIONS = NO;
				ENABLE_STRICT_OBJC_MSGSEND = YES;
				GCC_C_LANGUAGE_STANDARD = gnu99;
				GCC_NO_COMMON_BLOCKS = YES;
				GCC_WARN_64_TO_32_BIT_CONVERSION = YES;
				GCC_WARN_ABOUT_RETURN_TYPE = YES_ERROR;
				GCC_WARN_UNDECLARED_SELECTOR = YES;
				GCC_WARN_UNINITIALIZED_AUTOS = YES_AGGRESSIVE;
				GCC_WARN_UNUSED_FUNCTION = YES;
				GCC_WARN_UNUSED_VARIABLE = YES;
				IPHONEOS_DEPLOYMENT_TARGET = 11.0;
				MTL_ENABLE_DEBUG_INFO = NO;
				SDKROOT = iphoneos;
				VALIDATE_PRODUCT = YES;
			};
			name = Release;
		};
		D05869281B7A48FD006674CC /* Debug */ = {
			isa = XCBuildConfiguration;
			baseConfigurationReference = D0A97DE31FDB3ADE00938F55 /* Debug.xcconfig */;
			buildSettings = {
				ASSETCATALOG_COMPILER_APPICON_NAME = AppIcon;
				DEVELOPMENT_TEAM = 42LH2U5D35;
				INFOPLIST_FILE = "$(SRCROOT)/Resources/Info.plist";
				LD_RUNPATH_SEARCH_PATHS = "$(inherited) @executable_path/Frameworks";
				PRODUCT_BUNDLE_IDENTIFIER = "com.justinwme.autolayoutzen.Layout-Margins";
				PRODUCT_NAME = "$(TARGET_NAME)";
			};
			name = Debug;
		};
		D05869291B7A48FD006674CC /* Release */ = {
			isa = XCBuildConfiguration;
			baseConfigurationReference = D0A97DE41FDB3ADE00938F55 /* Release.xcconfig */;
			buildSettings = {
				ASSETCATALOG_COMPILER_APPICON_NAME = AppIcon;
				DEVELOPMENT_TEAM = 42LH2U5D35;
				INFOPLIST_FILE = "$(SRCROOT)/Resources/Info.plist";
				LD_RUNPATH_SEARCH_PATHS = "$(inherited) @executable_path/Frameworks";
				PRODUCT_BUNDLE_IDENTIFIER = "com.justinwme.autolayoutzen.Layout-Margins";
				PRODUCT_NAME = "$(TARGET_NAME)";
			};
			name = Release;
		};
/* End XCBuildConfiguration section */

/* Begin XCConfigurationList section */
		D05869101B7A48FD006674CC /* Build configuration list for PBXProject "Layout Margins" */ = {
			isa = XCConfigurationList;
			buildConfigurations = (
				D05869251B7A48FD006674CC /* Debug */,
				D05869261B7A48FD006674CC /* Release */,
			);
			defaultConfigurationIsVisible = 0;
			defaultConfigurationName = Release;
		};
		D05869271B7A48FD006674CC /* Build configuration list for PBXNativeTarget "Layout Margins" */ = {
			isa = XCConfigurationList;
			buildConfigurations = (
				D05869281B7A48FD006674CC /* Debug */,
				D05869291B7A48FD006674CC /* Release */,
			);
			defaultConfigurationIsVisible = 0;
			defaultConfigurationName = Release;
		};
/* End XCConfigurationList section */
	};
	rootObject = D058690D1B7A48FD006674CC /* Project object */;
}
