// !$*UTF8*$!
{
	archiveVersion = 1;
	classes = {
	};
	objectVersion = 48;
	objects = {

/* Begin PBXBuildFile section */
		D019C9CB1FD5A4800067F310 /* AppDelegate.swift in Sources */ = {isa = PBXBuildFile; fileRef = D019C9CA1FD5A4800067F310 /* AppDelegate.swift */; };
		D019C9CD1FD5A4800067F310 /* ViewController.swift in Sources */ = {isa = PBXBuildFile; fileRef = D019C9CC1FD5A4800067F310 /* ViewController.swift */; };
		D019C9D01FD5A4800067F310 /* Main.storyboard in Resources */ = {isa = PBXBuildFile; fileRef = D019C9CE1FD5A4800067F310 /* Main.storyboard */; };
		D019C9D21FD5A4800067F310 /* Assets.xcassets in Resources */ = {isa = PBXBuildFile; fileRef = D019C9D11FD5A4800067F310 /* Assets.xcassets */; };
		D019C9D51FD5A4800067F310 /* LaunchScreen.storyboard in Resources */ = {isa = PBXBuildFile; fileRef = D019C9D31FD5A4800067F310 /* LaunchScreen.storyboard */; };
		D019C9F61FD5A7F70067F310 /* Common.xcconfig in Resources */ = {isa = PBXBuildFile; fileRef = D019C9F31FD5A7F70067F310 /* Common.xcconfig */; };
		D019C9F71FD5A7F70067F310 /* Debug.xcconfig in Resources */ = {isa = PBXBuildFile; fileRef = D019C9F41FD5A7F70067F310 /* Debug.xcconfig */; };
		D019C9F81FD5A7F70067F310 /* Release.xcconfig in Resources */ = {isa = PBXBuildFile; fileRef = D019C9F51FD5A7F70067F310 /* Release.xcconfig */; };
/* End PBXBuildFile section */

/* Begin PBXFileReference section */
		D019C9C71FD5A4800067F310 /* Dynamic Layout Example.app */ = {isa = PBXFileReference; explicitFileType = wrapper.application; includeInIndex = 0; path = "Dynamic Layout Example.app"; sourceTree = BUILT_PRODUCTS_DIR; };
		D019C9CA1FD5A4800067F310 /* AppDelegate.swift */ = {isa = PBXFileReference; lastKnownFileType = sourcecode.swift; path = AppDelegate.swift; sourceTree = "<group>"; };
		D019C9CC1FD5A4800067F310 /* ViewController.swift */ = {isa = PBXFileReference; lastKnownFileType = sourcecode.swift; path = ViewController.swift; sourceTree = "<group>"; };
		D019C9CF1FD5A4800067F310 /* Base */ = {isa = PBXFileReference; lastKnownFileType = file.storyboard; name = Base; path = Base.lproj/Main.storyboard; sourceTree = "<group>"; };
		D019C9D11FD5A4800067F310 /* Assets.xcassets */ = {isa = PBXFileReference; lastKnownFileType = folder.assetcatalog; path = Assets.xcassets; sourceTree = "<group>"; };
		D019C9D41FD5A4800067F310 /* Base */ = {isa = PBXFileReference; lastKnownFileType = file.storyboard; name = Base; path = Base.lproj/LaunchScreen.storyboard; sourceTree = "<group>"; };
		D019C9D61FD5A4800067F310 /* Info.plist */ = {isa = PBXFileReference; lastKnownFileType = text.plist.xml; path = Info.plist; sourceTree = "<group>"; };
		D019C9F31FD5A7F70067F310 /* Common.xcconfig */ = {isa = PBXFileReference; fileEncoding = 4; lastKnownFileType = text.xcconfig; path = Common.xcconfig; sourceTree = "<group>"; };
		D019C9F41FD5A7F70067F310 /* Debug.xcconfig */ = {isa = PBXFileReference; fileEncoding = 4; lastKnownFileType = text.xcconfig; path = Debug.xcconfig; sourceTree = "<group>"; };
		D019C9F51FD5A7F70067F310 /* Release.xcconfig */ = {isa = PBXFileReference; fileEncoding = 4; lastKnownFileType = text.xcconfig; path = Release.xcconfig; sourceTree = "<group>"; };
/* End PBXFileReference section */

/* Begin PBXFrameworksBuildPhase section */
		D019C9C41FD5A4800067F310 /* Frameworks */ = {
			isa = PBXFrameworksBuildPhase;
			buildActionMask = 2147483647;
			files = (
			);
			runOnlyForDeploymentPostprocessing = 0;
		};
/* End PBXFrameworksBuildPhase section */

/* Begin PBXGroup section */
		D019C9BE1FD5A4800067F310 = {
			isa = PBXGroup;
			children = (
				D019C9C91FD5A4800067F310 /* Classes */,
				D019C9EA1FD5A5800067F310 /* Resources */,
				D019C9F21FD5A7F70067F310 /* Configuration */,
				D019C9C81FD5A4800067F310 /* Products */,
			);
			sourceTree = "<group>";
		};
		D019C9C81FD5A4800067F310 /* Products */ = {
			isa = PBXGroup;
			children = (
				D019C9C71FD5A4800067F310 /* Dynamic Layout Example.app */,
			);
			name = Products;
			sourceTree = "<group>";
		};
		D019C9C91FD5A4800067F310 /* Classes */ = {
			isa = PBXGroup;
			children = (
				D019C9CA1FD5A4800067F310 /* AppDelegate.swift */,
				D019C9CC1FD5A4800067F310 /* ViewController.swift */,
				D019C9CE1FD5A4800067F310 /* Main.storyboard */,
				D019C9D31FD5A4800067F310 /* LaunchScreen.storyboard */,
			);
			path = Classes;
			sourceTree = "<group>";
		};
		D019C9EA1FD5A5800067F310 /* Resources */ = {
			isa = PBXGroup;
			children = (
				D019C9D11FD5A4800067F310 /* Assets.xcassets */,
				D019C9D61FD5A4800067F310 /* Info.plist */,
			);
			path = Resources;
			sourceTree = "<group>";
		};
		D019C9F21FD5A7F70067F310 /* Configuration */ = {
			isa = PBXGroup;
			children = (
				D019C9F31FD5A7F70067F310 /* Common.xcconfig */,
				D019C9F41FD5A7F70067F310 /* Debug.xcconfig */,
				D019C9F51FD5A7F70067F310 /* Release.xcconfig */,
			);
			name = Configuration;
			path = ../../Configuration;
			sourceTree = "<group>";
		};
/* End PBXGroup section */

/* Begin PBXNativeTarget section */
		D019C9C61FD5A4800067F310 /* Dynamic Layout Example */ = {
			isa = PBXNativeTarget;
			buildConfigurationList = D019C9E41FD5A4800067F310 /* Build configuration list for PBXNativeTarget "Dynamic Layout Example" */;
			buildPhases = (
				D019C9C31FD5A4800067F310 /* Sources */,
				D019C9C41FD5A4800067F310 /* Frameworks */,
				D019C9C51FD5A4800067F310 /* Resources */,
			);
			buildRules = (
			);
			dependencies = (
			);
			name = "Dynamic Layout Example";
			productName = "Dynamic Layout Example";
			productReference = D019C9C71FD5A4800067F310 /* Dynamic Layout Example.app */;
			productType = "com.apple.product-type.application";
		};
/* End PBXNativeTarget section */

/* Begin PBXProject section */
		D019C9BF1FD5A4800067F310 /* Project object */ = {
			isa = PBXProject;
			attributes = {
				LastSwiftUpdateCheck = 0920;
				LastUpgradeCheck = 0920;
				ORGANIZATIONNAME = "Justin Williams";
				TargetAttributes = {
					D019C9C61FD5A4800067F310 = {
						CreatedOnToolsVersion = 9.2;
						ProvisioningStyle = Automatic;
					};
				};
			};
			buildConfigurationList = D019C9C21FD5A4800067F310 /* Build configuration list for PBXProject "Dynamic Layout Example" */;
			compatibilityVersion = "Xcode 8.0";
			developmentRegion = en;
			hasScannedForEncodings = 0;
			knownRegions = (
				en,
				Base,
			);
			mainGroup = D019C9BE1FD5A4800067F310;
			productRefGroup = D019C9C81FD5A4800067F310 /* Products */;
			projectDirPath = "";
			projectRoot = "";
			targets = (
				D019C9C61FD5A4800067F310 /* Dynamic Layout Example */,
			);
		};
/* End PBXProject section */

/* Begin PBXResourcesBuildPhase section */
		D019C9C51FD5A4800067F310 /* Resources */ = {
			isa = PBXResourcesBuildPhase;
			buildActionMask = 2147483647;
			files = (
				D019C9D51FD5A4800067F310 /* LaunchScreen.storyboard in Resources */,
				D019C9D21FD5A4800067F310 /* Assets.xcassets in Resources */,
				D019C9F81FD5A7F70067F310 /* Release.xcconfig in Resources */,
				D019C9D01FD5A4800067F310 /* Main.storyboard in Resources */,
				D019C9F71FD5A7F70067F310 /* Debug.xcconfig in Resources */,
				D019C9F61FD5A7F70067F310 /* Common.xcconfig in Resources */,
			);
			runOnlyForDeploymentPostprocessing = 0;
		};
/* End PBXResourcesBuildPhase section */

/* Begin PBXSourcesBuildPhase section */
		D019C9C31FD5A4800067F310 /* Sources */ = {
			isa = PBXSourcesBuildPhase;
			buildActionMask = 2147483647;
			files = (
				D019C9CD1FD5A4800067F310 /* ViewController.swift in Sources */,
				D019C9CB1FD5A4800067F310 /* AppDelegate.swift in Sources */,
			);
			runOnlyForDeploymentPostprocessing = 0;
		};
/* End PBXSourcesBuildPhase section */

/* Begin PBXVariantGroup section */
		D019C9CE1FD5A4800067F310 /* Main.storyboard */ = {
			isa = PBXVariantGroup;
			children = (
				D019C9CF1FD5A4800067F310 /* Base */,
			);
			name = Main.storyboard;
			sourceTree = "<group>";
		};
		D019C9D31FD5A4800067F310 /* LaunchScreen.storyboard */ = {
			isa = PBXVariantGroup;
			children = (
				D019C9D41FD5A4800067F310 /* Base */,
			);
			name = LaunchScreen.storyboard;
			sourceTree = "<group>";
		};
/* End PBXVariantGroup section */

/* Begin XCBuildConfiguration section */
		D019C9E21FD5A4800067F310 /* Debug */ = {
			isa = XCBuildConfiguration;
			buildSettings = {
				ALWAYS_SEARCH_USER_PATHS = NO;
				CLANG_ANALYZER_NONNULL = YES;
				CLANG_ANALYZER_NUMBER_OBJECT_CONVERSION = YES_AGGRESSIVE;
				CLANG_CXX_LANGUAGE_STANDARD = "gnu++14";
				CLANG_CXX_LIBRARY = "libc++";
				CLANG_ENABLE_MODULES = YES;
				CLANG_ENABLE_OBJC_ARC = YES;
				CLANG_WARN_BLOCK_CAPTURE_AUTORELEASING = YES;
				CLANG_WARN_BOOL_CONVERSION = YES;
				CLANG_WARN_COMMA = YES;
				CLANG_WARN_CONSTANT_CONVERSION = YES;
				CLANG_WARN_DIRECT_OBJC_ISA_USAGE = YES_ERROR;
				CLANG_WARN_DOCUMENTATION_COMMENTS = YES;
				CLANG_WARN_EMPTY_BODY = YES;
				CLANG_WARN_ENUM_CONVERSION = YES;
				CLANG_WARN_INFINITE_RECURSION = YES;
				CLANG_WARN_INT_CONVERSION = YES;
				CLANG_WARN_NON_LITERAL_NULL_CONVERSION = YES;
				CLANG_WARN_OBJC_LITERAL_CONVERSION = YES;
				CLANG_WARN_OBJC_ROOT_CLASS = YES_ERROR;
				CLANG_WARN_RANGE_LOOP_ANALYSIS = YES;
				CLANG_WARN_STRICT_PROTOTYPES = YES;
				CLANG_WARN_SUSPICIOUS_MOVE = YES;
				CLANG_WARN_UNGUARDED_AVAILABILITY = YES_AGGRESSIVE;
				CLANG_WARN_UNREACHABLE_CODE = YES;
				CLANG_WARN__DUPLICATE_METHOD_MATCH = YES;
				CODE_SIGN_IDENTITY = "iPhone Developer";
				COPY_PHASE_STRIP = NO;
				DEBUG_INFORMATION_FORMAT = dwarf;
				ENABLE_STRICT_OBJC_MSGSEND = YES;
				ENABLE_TESTABILITY = YES;
				GCC_C_LANGUAGE_STANDARD = gnu11;
				GCC_DYNAMIC_NO_PIC = NO;
				GCC_NO_COMMON_BLOCKS = YES;
				GCC_OPTIMIZATION_LEVEL = 0;
				GCC_PREPROCESSOR_DEFINITIONS = (
					"DEBUG=1",
					"$(inherited)",
				);
				GCC_WARN_64_TO_32_BIT_CONVERSION = YES;
				GCC_WARN_ABOUT_RETURN_TYPE = YES_ERROR;
				GCC_WARN_UNDECLARED_SELECTOR = YES;
				GCC_WARN_UNINITIALIZED_AUTOS = YES_AGGRESSIVE;
				GCC_WARN_UNUSED_FUNCTION = YES;
				GCC_WARN_UNUSED_VARIABLE = YES;
				IPHONEOS_DEPLOYMENT_TARGET = 11.0;
				MTL_ENABLE_DEBUG_INFO = YES;
				ONLY_ACTIVE_ARCH = YES;
				SDKROOT = iphoneos;
				SWIFT_ACTIVE_COMPILATION_CONDITIONS = DEBUG;
				SWIFT_OPTIMIZATION_LEVEL = "-Onone";
			};
			name = Debug;
		};
		D019C9E31FD5A4800067F310 /* Release */ = {
			isa = XCBuildConfiguration;
			buildSettings = {
				ALWAYS_SEARCH_USER_PATHS = NO;
				CLANG_ANALYZER_NONNULL = YES;
				CLANG_ANALYZER_NUMBER_OBJECT_CONVERSION = YES_AGGRESSIVE;
				CLANG_CXX_LANGUAGE_STANDARD = "gnu++14";
				CLANG_CXX_LIBRARY = "libc++";
				CLANG_ENABLE_MODULES = YES;
				CLANG_ENABLE_OBJC_ARC = YES;
				CLANG_WARN_BLOCK_CAPTURE_AUTORELEASING = YES;
				CLANG_WARN_BOOL_CONVERSION = YES;
				CLANG_WARN_COMMA = YES;
				CLANG_WARN_CONSTANT_CONVERSION = YES;
				CLANG_WARN_DIRECT_OBJC_ISA_USAGE = YES_ERROR;
				CLANG_WARN_DOCUMENTATION_COMMENTS = YES;
				CLANG_WARN_EMPTY_BODY = YES;
				CLANG_WARN_ENUM_CONVERSION = YES;
				CLANG_WARN_INFINITE_RECURSION = YES;
				CLANG_WARN_INT_CONVERSION = YES;
				CLANG_WARN_NON_LITERAL_NULL_CONVERSION = YES;
				CLANG_WARN_OBJC_LITERAL_CONVERSION = YES;
				CLANG_WARN_OBJC_ROOT_CLASS = YES_ERROR;
				CLANG_WARN_RANGE_LOOP_ANALYSIS = YES;
				CLANG_WARN_STRICT_PROTOTYPES = YES;
				CLANG_WARN_SUSPICIOUS_MOVE = YES;
				CLANG_WARN_UNGUARDED_AVAILABILITY = YES_AGGRESSIVE;
				CLANG_WARN_UNREACHABLE_CODE = YES;
				CLANG_WARN__DUPLICATE_METHOD_MATCH = YES;
				CODE_SIGN_IDENTITY = "iPhone Developer";
				COPY_PHASE_STRIP = NO;
				DEBUG_INFORMATION_FORMAT = "dwarf-with-dsym";
				ENABLE_NS_ASSERTIONS = NO;
				ENABLE_STRICT_OBJC_MSGSEND = YES;
				GCC_C_LANGUAGE_STANDARD = gnu11;
				GCC_NO_COMMON_BLOCKS = YES;
				GCC_WARN_64_TO_32_BIT_CONVERSION = YES;
				GCC_WARN_ABOUT_RETURN_TYPE = YES_ERROR;
				GCC_WARN_UNDECLARED_SELECTOR = YES;
				GCC_WARN_UNINITIALIZED_AUTOS = YES_AGGRESSIVE;
				GCC_WARN_UNUSED_FUNCTION = YES;
				GCC_WARN_UNUSED_VARIABLE = YES;
				IPHONEOS_DEPLOYMENT_TARGET = 11.0;
				MTL_ENABLE_DEBUG_INFO = NO;
				SDKROOT = iphoneos;
				SWIFT_OPTIMIZATION_LEVEL = "-Owholemodule";
				VALIDATE_PRODUCT = YES;
			};
			name = Release;
		};
		D019C9E51FD5A4800067F310 /* Debug */ = {
			isa = XCBuildConfiguration;
			baseConfigurationReference = D019C9F41FD5A7F70067F310 /* Debug.xcconfig */;
			buildSettings = {
				ASSETCATALOG_COMPILER_APPICON_NAME = AppIcon;
				CODE_SIGN_STYLE = Automatic;
				DEVELOPMENT_TEAM = 42LH2U5D35;
				INFOPLIST_FILE = "$(SRCROOT)/Resources/Info.plist";
				LD_RUNPATH_SEARCH_PATHS = "$(inherited) @executable_path/Frameworks";
				PRODUCT_BUNDLE_IDENTIFIER = "com.justinwme.autolayoutzen.dynamic-layout-sample.Dynamic-Layout-Example";
				PRODUCT_NAME = "$(TARGET_NAME)";
				TARGETED_DEVICE_FAMILY = "1,2";
			};
			name = Debug;
		};
		D019C9E61FD5A4800067F310 /* Release */ = {
			isa = XCBuildConfiguration;
			baseConfigurationReference = D019C9F51FD5A7F70067F310 /* Release.xcconfig */;
			buildSettings = {
				ASSETCATALOG_COMPILER_APPICON_NAME = AppIcon;
				CODE_SIGN_STYLE = Automatic;
				DEVELOPMENT_TEAM = 42LH2U5D35;
				INFOPLIST_FILE = "$(SRCROOT)/Resources/Info.plist";
				LD_RUNPATH_SEARCH_PATHS = "$(inherited) @executable_path/Frameworks";
				PRODUCT_BUNDLE_IDENTIFIER = "com.justinwme.autolayoutzen.dynamic-layout-sample.Dynamic-Layout-Example";
				PRODUCT_NAME = "$(TARGET_NAME)";
				TARGETED_DEVICE_FAMILY = "1,2";
			};
			name = Release;
		};
/* End XCBuildConfiguration section */

/* Begin XCConfigurationList section */
		D019C9C21FD5A4800067F310 /* Build configuration list for PBXProject "Dynamic Layout Example" */ = {
			isa = XCConfigurationList;
			buildConfigurations = (
				D019C9E21FD5A4800067F310 /* Debug */,
				D019C9E31FD5A4800067F310 /* Release */,
			);
			defaultConfigurationIsVisible = 0;
			defaultConfigurationName = Release;
		};
		D019C9E41FD5A4800067F310 /* Build configuration list for PBXNativeTarget "Dynamic Layout Example" */ = {
			isa = XCConfigurationList;
			buildConfigurations = (
				D019C9E51FD5A4800067F310 /* Debug */,
				D019C9E61FD5A4800067F310 /* Release */,
			);
			defaultConfigurationIsVisible = 0;
			defaultConfigurationName = Release;
		};
/* End XCConfigurationList section */
	};
	rootObject = D019C9BF1FD5A4800067F310 /* Project object */;
}
